{
  "name": "e-commerce",
  "lockfileVersion": 2,
  "requires": true,
  "packages": {
    "": {
      "dependencies": {
        "@mui/icons-material": "^5.10.15"
      }
    },
    "node_modules/@babel/runtime": {
      "version": "7.20.1",
      "resolved": "https://registry.npmjs.org/@babel/runtime/-/runtime-7.20.1.tgz",
      "integrity": "sha512-mrzLkl6U9YLF8qpqI7TB82PESyEGjm/0Ly91jG575eVxMMlb8fYfOXFZIJ8XfLrJZQbm7dlKry2bJmXBUEkdFg==",
      "dependencies": {
        "regenerator-runtime": "^0.13.10"
      },
      "engines": {
        "node": ">=6.9.0"
      }
    },
    "node_modules/@mui/icons-material": {
      "version": "5.10.15",
      "resolved": "https://registry.npmjs.org/@mui/icons-material/-/icons-material-5.10.15.tgz",
      "integrity": "sha512-fXkz7CtYTt4AH4YYT67VFhM/A3YCUqZGGLp/3BlzRPQRNEfFKknw3MgG1S5UYrY5weti8jxMx3mwwfhVP8OMhQ==",
      "dependencies": {
        "@babel/runtime": "^7.20.1"
      },
      "engines": {
        "node": ">=12.0.0"
      },
      "funding": {
        "type": "opencollective",
        "url": "https://opencollective.com/mui"
      },
      "peerDependencies": {
        "@mui/material": "^5.0.0",
        "@types/react": "^17.0.0 || ^18.0.0",
        "react": "^17.0.0 || ^18.0.0"
      },
      "peerDependenciesMeta": {
        "@types/react": {
          "optional": true
        }
      }
    },
    "node_modules/regenerator-runtime": {
      "version": "0.13.11",
      "resolved": "https://registry.npmjs.org/regenerator-runtime/-/regenerator-runtime-0.13.11.tgz",
      "integrity": "sha512-kY1AZVr2Ra+t+piVaJ4gxaFaReZVH40AKNo7UCX6W+dEwBo/2oZJzqfuN1qLq1oL45o56cPaTXELwrTh8Fpggg=="
    }
  },
  "dependencies": {
    "@babel/runtime": {
      "version": "7.20.1",
      "resolved": "https://registry.npmjs.org/@babel/runtime/-/runtime-7.20.1.tgz",
      "integrity": "sha512-mrzLkl6U9YLF8qpqI7TB82PESyEGjm/0Ly91jG575eVxMMlb8fYfOXFZIJ8XfLrJZQbm7dlKry2bJmXBUEkdFg==",
      "requires": {
        "regenerator-runtime": "^0.13.10"
      }
    },
    "@mui/icons-material": {
      "version": "5.10.15",
      "resolved": "https://registry.npmjs.org/@mui/icons-material/-/icons-material-5.10.15.tgz",
      "integrity": "sha512-fXkz7CtYTt4AH4YYT67VFhM/A3YCUqZGGLp/3BlzRPQRNEfFKknw3MgG1S5UYrY5weti8jxMx3mwwfhVP8OMhQ==",
      "requires": {
        "@babel/runtime": "^7.20.1"
      }
    },
    "regenerator-runtime": {
      "version": "0.13.11",
      "resolved": "https://registry.npmjs.org/regenerator-runtime/-/regenerator-runtime-0.13.11.tgz",
      "integrity": "sha512-kY1AZVr2Ra+t+piVaJ4gxaFaReZVH40AKNo7UCX6W+dEwBo/2oZJzqfuN1qLq1oL45o56cPaTXELwrTh8Fpggg=="
    }
  }
}
